
Microsoft Visual Studio Solution File, Format Version 12.00
# Visual Studio 15
VisualStudioVersion = 15.0.27428.2002
MinimumVisualStudioVersion = 10.0.40219.1
Project("{9A19103F-16F7-4668-BE54-9A1E7A4F7556}") = "clu.machinelearning", "clu.machinelearning.csproj", "{F19A8E44-DEB4-4BC6-BC1B-0DDCEFA79860}"
EndProject
Global
	GlobalSection(SolutionConfigurationPlatforms) = preSolution
		Debug|Any CPU = Debug|Any CPU
		Release|Any CPU = Release|Any CPU
	EndGlobalSection
	GlobalSection(ProjectConfigurationPlatforms) = postSolution
		{F19A8E44-DEB4-4BC6-BC1B-0DDCEFA79860}.Debug|Any CPU.ActiveCfg = Debug|Any CPU
		{F19A8E44-DEB4-4BC6-BC1B-0DDCEFA79860}.Debug|Any CPU.Build.0 = Debug|Any CPU
		{F19A8E44-DEB4-4BC6-BC1B-0DDCEFA79860}.Release|Any CPU.ActiveCfg = Release|Any CPU
		{F19A8E44-DEB4-4BC6-BC1B-0DDCEFA79860}.Release|Any CPU.Build.0 = Release|Any CPU
	EndGlobalSection
	GlobalSection(SolutionProperties) = preSolution
		HideSolutionNode = FALSE
	EndGlobalSection
	GlobalSection(ExtensibilityGlobals) = postSolution
		SolutionGuid = {A176C812-6AC1-498B-9C4B-ACCA3DE2BBFC}
	EndGlobalSection
EndGlobal
